
Microsoft Visual Studio Solution File, Format Version 12.00
# Visual Studio Version 17
VisualStudioVersion = 17.1.32210.238
MinimumVisualStudioVersion = 10.0.40219.1
Project("{9A19103F-16F7-4668-BE54-9A1E7A4F7556}") = "swen2-TourPlanner", "swen2-TourPlanner.csproj", "{2D92FFAF-0969-4C53-A9B0-D9CD3ADF55E2}"
EndProject
Project("{9A19103F-16F7-4668-BE54-9A1E7A4F7556}") = "TourPlanner.Test", "..\TourPlanner.Test\TourPlanner.Test.csproj", "{DB741DB7-6523-4AAC-BE68-4CE107299AC4}"
EndProject
Project("{FAE04EC0-301F-11D3-BF4B-00C04F79EFBC}") = "TourPlanner.BL", "..\TourPlanner.BL\TourPlanner.BL.csproj", "{CE746D99-7AC3-417C-9274-6941C09B147C}"
EndProject
Project("{FAE04EC0-301F-11D3-BF4B-00C04F79EFBC}") = "TourPlanner.DAL", "..\TourPlanner.DAL\TourPlanner.DAL.csproj", "{BBFED847-2BBF-470A-995D-19A5116B5EB0}"
EndProject
Project("{FAE04EC0-301F-11D3-BF4B-00C04F79EFBC}") = "TourPlanner.Models", "..\TourPlanner.Models\TourPlanner.Models.csproj", "{ED4941B6-6D30-4BAB-BA60-C90172DB0702}"
EndProject
Global
	GlobalSection(SolutionConfigurationPlatforms) = preSolution
		Debug|Any CPU = Debug|Any CPU
		Release|Any CPU = Release|Any CPU
	EndGlobalSection
	GlobalSection(ProjectConfigurationPlatforms) = postSolution
		{2D92FFAF-0969-4C53-A9B0-D9CD3ADF55E2}.Debug|Any CPU.ActiveCfg = Debug|Any CPU
		{2D92FFAF-0969-4C53-A9B0-D9CD3ADF55E2}.Debug|Any CPU.Build.0 = Debug|Any CPU
		{2D92FFAF-0969-4C53-A9B0-D9CD3ADF55E2}.Release|Any CPU.ActiveCfg = Release|Any CPU
		{2D92FFAF-0969-4C53-A9B0-D9CD3ADF55E2}.Release|Any CPU.Build.0 = Release|Any CPU
		{DB741DB7-6523-4AAC-BE68-4CE107299AC4}.Debug|Any CPU.ActiveCfg = Debug|Any CPU
		{DB741DB7-6523-4AAC-BE68-4CE107299AC4}.Debug|Any CPU.Build.0 = Debug|Any CPU
		{DB741DB7-6523-4AAC-BE68-4CE107299AC4}.Release|Any CPU.ActiveCfg = Release|Any CPU
		{DB741DB7-6523-4AAC-BE68-4CE107299AC4}.Release|Any CPU.Build.0 = Release|Any CPU
		{CE746D99-7AC3-417C-9274-6941C09B147C}.Debug|Any CPU.ActiveCfg = Debug|Any CPU
		{CE746D99-7AC3-417C-9274-6941C09B147C}.Debug|Any CPU.Build.0 = Debug|Any CPU
		{CE746D99-7AC3-417C-9274-6941C09B147C}.Release|Any CPU.ActiveCfg = Release|Any CPU
		{CE746D99-7AC3-417C-9274-6941C09B147C}.Release|Any CPU.Build.0 = Release|Any CPU
		{BBFED847-2BBF-470A-995D-19A5116B5EB0}.Debug|Any CPU.ActiveCfg = Debug|Any CPU
		{BBFED847-2BBF-470A-995D-19A5116B5EB0}.Debug|Any CPU.Build.0 = Debug|Any CPU
		{BBFED847-2BBF-470A-995D-19A5116B5EB0}.Release|Any CPU.ActiveCfg = Release|Any CPU
		{BBFED847-2BBF-470A-995D-19A5116B5EB0}.Release|Any CPU.Build.0 = Release|Any CPU
		{ED4941B6-6D30-4BAB-BA60-C90172DB0702}.Debug|Any CPU.ActiveCfg = Debug|Any CPU
		{ED4941B6-6D30-4BAB-BA60-C90172DB0702}.Debug|Any CPU.Build.0 = Debug|Any CPU
		{ED4941B6-6D30-4BAB-BA60-C90172DB0702}.Release|Any CPU.ActiveCfg = Release|Any CPU
		{ED4941B6-6D30-4BAB-BA60-C90172DB0702}.Release|Any CPU.Build.0 = Release|Any CPU
	EndGlobalSection
	GlobalSection(SolutionProperties) = preSolution
		HideSolutionNode = FALSE
	EndGlobalSection
	GlobalSection(ExtensibilityGlobals) = postSolution
		SolutionGuid = {47B5407B-2B8D-4EEC-BBF7-B875EAFA947A}
	EndGlobalSection
EndGlobal
